// !$*UTF8*$!
{
	archiveVersion = 1;
	classes = {
	};
	objectVersion = 77;
	objects = {

/* Begin PBXContainerItemProxy section */
		1BBFDF122DD8F2AB00382BA4 /* PBXContainerItemProxy */ = {
			isa = PBXContainerItemProxy;
			containerPortal = 1BBFDEF92DD8F2A900382BA4 /* Project object */;
			proxyType = 1;
			remoteGlobalIDString = 1BBFDF002DD8F2A900382BA4;
			remoteInfo = SwiftUIExperiments;
		};
		1BBFDF1C2DD8F2AB00382BA4 /* PBXContainerItemProxy */ = {
			isa = PBXContainerItemProxy;
			containerPortal = 1BBFDEF92DD8F2A900382BA4 /* Project object */;
			proxyType = 1;
			remoteGlobalIDString = 1BBFDF002DD8F2A900382BA4;
			remoteInfo = SwiftUIExperiments;
		};
/* End PBXContainerItemProxy section */

/* Begin PBXFileReference section */
		1BBFDF012DD8F2A900382BA4 /* SwiftUIExperiments.app */ = {isa = PBXFileReference; explicitFileType = wrapper.application; includeInIndex = 0; path = SwiftUIExperiments.app; sourceTree = BUILT_PRODUCTS_DIR; };
		1BBFDF112DD8F2AB00382BA4 /* SwiftUIExperimentsTests.xctest */ = {isa = PBXFileReference; explicitFileType = wrapper.cfbundle; includeInIndex = 0; path = SwiftUIExperimentsTests.xctest; sourceTree = BUILT_PRODUCTS_DIR; };
		1BBFDF1B2DD8F2AB00382BA4 /* SwiftUIExperimentsUITests.xctest */ = {isa = PBXFileReference; explicitFileType = wrapper.cfbundle; includeInIndex = 0; path = SwiftUIExperimentsUITests.xctest; sourceTree = BUILT_PRODUCTS_DIR; };
/* End PBXFileReference section */

/* Begin PBXFileSystemSynchronizedRootGroup section */
		1BBFDF032DD8F2A900382BA4 /* SwiftUIExperiments */ = {
			isa = PBXFileSystemSynchronizedRootGroup;
			path = SwiftUIExperiments;
			sourceTree = "<group>";
		};
		1BBFDF142DD8F2AB00382BA4 /* SwiftUIExperimentsTests */ = {
			isa = PBXFileSystemSynchronizedRootGroup;
			path = SwiftUIExperimentsTests;
			sourceTree = "<group>";
		};
		1BBFDF1E2DD8F2AB00382BA4 /* SwiftUIExperimentsUITests */ = {
			isa = PBXFileSystemSynchronizedRootGroup;
			path = SwiftUIExperimentsUITests;
			sourceTree = "<group>";
		};
/* End PBXFileSystemSynchronizedRootGroup section */

/* Begin PBXFrameworksBuildPhase section */
		1BBFDEFE2DD8F2A900382BA4 /* Frameworks */ = {
			isa = PBXFrameworksBuildPhase;
			buildActionMask = 2147483647;
			files = (
			);
			runOnlyForDeploymentPostprocessing = 0;
		};
		1BBFDF0E2DD8F2AB00382BA4 /* Frameworks */ = {
			isa = PBXFrameworksBuildPhase;
			buildActionMask = 2147483647;
			files = (
			);
			runOnlyForDeploymentPostprocessing = 0;
		};
		1BBFDF182DD8F2AB00382BA4 /* Frameworks */ = {
			isa = PBXFrameworksBuildPhase;
			buildActionMask = 2147483647;
			files = (
			);
			runOnlyForDeploymentPostprocessing = 0;
		};
/* End PBXFrameworksBuildPhase section */

/* Begin PBXGroup section */
		1BBFDEF82DD8F2A900382BA4 = {
			isa = PBXGroup;
			children = (
				1BBFDF032DD8F2A900382BA4 /* SwiftUIExperiments */,
				1BBFDF142DD8F2AB00382BA4 /* SwiftUIExperimentsTests */,
				1BBFDF1E2DD8F2AB00382BA4 /* SwiftUIExperimentsUITests */,
				1BBFDF022DD8F2A900382BA4 /* Products */,
			);
			sourceTree = "<group>";
		};
		1BBFDF022DD8F2A900382BA4 /* Products */ = {
			isa = PBXGroup;
			children = (
				1BBFDF012DD8F2A900382BA4 /* SwiftUIExperiments.app */,
				1BBFDF112DD8F2AB00382BA4 /* SwiftUIExperimentsTests.xctest */,
				1BBFDF1B2DD8F2AB00382BA4 /* SwiftUIExperimentsUITests.xctest */,
			);
			name = Products;
			sourceTree = "<group>";
		};
/* End PBXGroup section */

/* Begin PBXNativeTarget section */
		1BBFDF002DD8F2A900382BA4 /* SwiftUIExperiments */ = {
			isa = PBXNativeTarget;
			buildConfigurationList = 1BBFDF252DD8F2AB00382BA4 /* Build configuration list for PBXNativeTarget "SwiftUIExperiments" */;
			buildPhases = (
				1BBFDEFD2DD8F2A900382BA4 /* Sources */,
				1BBFDEFE2DD8F2A900382BA4 /* Frameworks */,
				1BBFDEFF2DD8F2A900382BA4 /* Resources */,
			);
			buildRules = (
			);
			dependencies = (
			);
			fileSystemSynchronizedGroups = (
				1BBFDF032DD8F2A900382BA4 /* SwiftUIExperiments */,
			);
			name = SwiftUIExperiments;
			packageProductDependencies = (
			);
			productName = SwiftUIExperiments;
			productReference = 1BBFDF012DD8F2A900382BA4 /* SwiftUIExperiments.app */;
			productType = "com.apple.product-type.application";
		};
		1BBFDF102DD8F2AB00382BA4 /* SwiftUIExperimentsTests */ = {
			isa = PBXNativeTarget;
			buildConfigurationList = 1BBFDF282DD8F2AB00382BA4 /* Build configuration list for PBXNativeTarget "SwiftUIExperimentsTests" */;
			buildPhases = (
				1BBFDF0D2DD8F2AB00382BA4 /* Sources */,
				1BBFDF0E2DD8F2AB00382BA4 /* Frameworks */,
				1BBFDF0F2DD8F2AB00382BA4 /* Resources */,
			);
			buildRules = (
			);
			dependencies = (
				1BBFDF132DD8F2AB00382BA4 /* PBXTargetDependency */,
			);
			fileSystemSynchronizedGroups = (
				1BBFDF142DD8F2AB00382BA4 /* SwiftUIExperimentsTests */,
			);
			name = SwiftUIExperimentsTests;
			packageProductDependencies = (
			);
			productName = SwiftUIExperimentsTests;
			productReference = 1BBFDF112DD8F2AB00382BA4 /* SwiftUIExperimentsTests.xctest */;
			productType = "com.apple.product-type.bundle.unit-test";
		};
		1BBFDF1A2DD8F2AB00382BA4 /* SwiftUIExperimentsUITests */ = {
			isa = PBXNativeTarget;
			buildConfigurationList = 1BBFDF2B2DD8F2AB00382BA4 /* Build configuration list for PBXNativeTarget "SwiftUIExperimentsUITests" */;
			buildPhases = (
				1BBFDF172DD8F2AB00382BA4 /* Sources */,
				1BBFDF182DD8F2AB00382BA4 /* Frameworks */,
				1BBFDF192DD8F2AB00382BA4 /* Resources */,
			);
			buildRules = (
			);
			dependencies = (
				1BBFDF1D2DD8F2AB00382BA4 /* PBXTargetDependency */,
			);
			fileSystemSynchronizedGroups = (
				1BBFDF1E2DD8F2AB00382BA4 /* SwiftUIExperimentsUITests */,
			);
			name = SwiftUIExperimentsUITests;
			packageProductDependencies = (
			);
			productName = SwiftUIExperimentsUITests;
			productReference = 1BBFDF1B2DD8F2AB00382BA4 /* SwiftUIExperimentsUITests.xctest */;
			productType = "com.apple.product-type.bundle.ui-testing";
		};
/* End PBXNativeTarget section */

/* Begin PBXProject section */
		1BBFDEF92DD8F2A900382BA4 /* Project object */ = {
			isa = PBXProject;
			attributes = {
				BuildIndependentTargetsInParallel = 1;
				LastSwiftUpdateCheck = 1620;
				LastUpgradeCheck = 1620;
				TargetAttributes = {
					1BBFDF002DD8F2A900382BA4 = {
						CreatedOnToolsVersion = 16.2;
					};
					1BBFDF102DD8F2AB00382BA4 = {
						CreatedOnToolsVersion = 16.2;
						TestTargetID = 1BBFDF002DD8F2A900382BA4;
					};
					1BBFDF1A2DD8F2AB00382BA4 = {
						CreatedOnToolsVersion = 16.2;
						TestTargetID = 1BBFDF002DD8F2A900382BA4;
					};
				};
			};
			buildConfigurationList = 1BBFDEFC2DD8F2A900382BA4 /* Build configuration list for PBXProject "SwiftUIExperiments" */;
			developmentRegion = en;
			hasScannedForEncodings = 0;
			knownRegions = (
				en,
				Base,
			);
			mainGroup = 1BBFDEF82DD8F2A900382BA4;
			minimizedProjectReferenceProxies = 1;
			preferredProjectObjectVersion = 77;
			productRefGroup = 1BBFDF022DD8F2A900382BA4 /* Products */;
			projectDirPath = "";
			projectRoot = "";
			targets = (
				1BBFDF002DD8F2A900382BA4 /* SwiftUIExperiments */,
				1BBFDF102DD8F2AB00382BA4 /* SwiftUIExperimentsTests */,
				1BBFDF1A2DD8F2AB00382BA4 /* SwiftUIExperimentsUITests */,
			);
		};
/* End PBXProject section */

/* Begin PBXResourcesBuildPhase section */
		1BBFDEFF2DD8F2A900382BA4 /* Resources */ = {
			isa = PBXResourcesBuildPhase;
			buildActionMask = 2147483647;
			files = (
			);
			runOnlyForDeploymentPostprocessing = 0;
		};
		1BBFDF0F2DD8F2AB00382BA4 /* Resources */ = {
			isa = PBXResourcesBuildPhase;
			buildActionMask = 2147483647;
			files = (
			);
			runOnlyForDeploymentPostprocessing = 0;
		};
		1BBFDF192DD8F2AB00382BA4 /* Resources */ = {
			isa = PBXResourcesBuildPhase;
			buildActionMask = 2147483647;
			files = (
			);
			runOnlyForDeploymentPostprocessing = 0;
		};
/* End PBXResourcesBuildPhase section */

/* Begin PBXSourcesBuildPhase section */
		1BBFDEFD2DD8F2A900382BA4 /* Sources */ = {
			isa = PBXSourcesBuildPhase;
			buildActionMask = 2147483647;
			files = (
			);
			runOnlyForDeploymentPostprocessing = 0;
		};
		1BBFDF0D2DD8F2AB00382BA4 /* Sources */ = {
			isa = PBXSourcesBuildPhase;
			buildActionMask = 2147483647;
			files = (
			);
			runOnlyForDeploymentPostprocessing = 0;
		};
		1BBFDF172DD8F2AB00382BA4 /* Sources */ = {
			isa = PBXSourcesBuildPhase;
			buildActionMask = 2147483647;
			files = (
			);
			runOnlyForDeploymentPostprocessing = 0;
		};
/* End PBXSourcesBuildPhase section */

/* Begin PBXTargetDependency section */
		1BBFDF132DD8F2AB00382BA4 /* PBXTargetDependency */ = {
			isa = PBXTargetDependency;
			target = 1BBFDF002DD8F2A900382BA4 /* SwiftUIExperiments */;
			targetProxy = 1BBFDF122DD8F2AB00382BA4 /* PBXContainerItemProxy */;
		};
		1BBFDF1D2DD8F2AB00382BA4 /* PBXTargetDependency */ = {
			isa = PBXTargetDependency;
			target = 1BBFDF002DD8F2A900382BA4 /* SwiftUIExperiments */;
			targetProxy = 1BBFDF1C2DD8F2AB00382BA4 /* PBXContainerItemProxy */;
		};
/* End PBXTargetDependency section */

/* Begin XCBuildConfiguration section */
		1BBFDF232DD8F2AB00382BA4 /* Debug */ = {
			isa = XCBuildConfiguration;
			buildSettings = {
				ALWAYS_SEARCH_USER_PATHS = NO;
				ASSETCATALOG_COMPILER_GENERATE_SWIFT_ASSET_SYMBOL_EXTENSIONS = YES;
				CLANG_ANALYZER_NONNULL = YES;
				CLANG_ANALYZER_NUMBER_OBJECT_CONVERSION = YES_AGGRESSIVE;
				CLANG_CXX_LANGUAGE_STANDARD = "gnu++20";
				CLANG_ENABLE_MODULES = YES;
				CLANG_ENABLE_OBJC_ARC = YES;
				CLANG_ENABLE_OBJC_WEAK = YES;
				CLANG_WARN_BLOCK_CAPTURE_AUTORELEASING = YES;
				CLANG_WARN_BOOL_CONVERSION = YES;
				CLANG_WARN_COMMA = YES;
				CLANG_WARN_CONSTANT_CONVERSION = YES;
				CLANG_WARN_DEPRECATED_OBJC_IMPLEMENTATIONS = YES;
				CLANG_WARN_DIRECT_OBJC_ISA_USAGE = YES_ERROR;
				CLANG_WARN_DOCUMENTATION_COMMENTS = YES;
				CLANG_WARN_EMPTY_BODY = YES;
				CLANG_WARN_ENUM_CONVERSION = YES;
				CLANG_WARN_INFINITE_RECURSION = YES;
				CLANG_WARN_INT_CONVERSION = YES;
				CLANG_WARN_NON_LITERAL_NULL_CONVERSION = YES;
				CLANG_WARN_OBJC_IMPLICIT_RETAIN_SELF = YES;
				CLANG_WARN_OBJC_LITERAL_CONVERSION = YES;
				CLANG_WARN_OBJC_ROOT_CLASS = YES_ERROR;
				CLANG_WARN_QUOTED_INCLUDE_IN_FRAMEWORK_HEADER = YES;
				CLANG_WARN_RANGE_LOOP_ANALYSIS = YES;
				CLANG_WARN_STRICT_PROTOTYPES = YES;
				CLANG_WARN_SUSPICIOUS_MOVE = YES;
				CLANG_WARN_UNGUARDED_AVAILABILITY = YES_AGGRESSIVE;
				CLANG_WARN_UNREACHABLE_CODE = YES;
				CLANG_WARN__DUPLICATE_METHOD_MATCH = YES;
				COPY_PHASE_STRIP = NO;
				DEBUG_INFORMATION_FORMAT = dwarf;
				ENABLE_STRICT_OBJC_MSGSEND = YES;
				ENABLE_TESTABILITY = YES;
				ENABLE_USER_SCRIPT_SANDBOXING = YES;
				GCC_C_LANGUAGE_STANDARD = gnu17;
				GCC_DYNAMIC_NO_PIC = NO;
				GCC_NO_COMMON_BLOCKS = YES;
				GCC_OPTIMIZATION_LEVEL = 0;
				GCC_PREPROCESSOR_DEFINITIONS = (
					"DEBUG=1",
					"$(inherited)",
				);
				GCC_WARN_64_TO_32_BIT_CONVERSION = YES;
				GCC_WARN_ABOUT_RETURN_TYPE = YES_ERROR;
				GCC_WARN_UNDECLARED_SELECTOR = YES;
				GCC_WARN_UNINITIALIZED_AUTOS = YES_AGGRESSIVE;
				GCC_WARN_UNUSED_FUNCTION = YES;
				GCC_WARN_UNUSED_VARIABLE = YES;
				IPHONEOS_DEPLOYMENT_TARGET = 18.2;
				LOCALIZATION_PREFERS_STRING_CATALOGS = YES;
				MTL_ENABLE_DEBUG_INFO = INCLUDE_SOURCE;
				MTL_FAST_MATH = YES;
				ONLY_ACTIVE_ARCH = YES;
				SDKROOT = iphoneos;
				SWIFT_ACTIVE_COMPILATION_CONDITIONS = "DEBUG $(inherited)";
				SWIFT_OPTIMIZATION_LEVEL = "-Onone";
			};
			name = Debug;
		};
		1BBFDF242DD8F2AB00382BA4 /* Release */ = {
			isa = XCBuildConfiguration;
			buildSettings = {
				ALWAYS_SEARCH_USER_PATHS = NO;
				ASSETCATALOG_COMPILER_GENERATE_SWIFT_ASSET_SYMBOL_EXTENSIONS = YES;
				CLANG_ANALYZER_NONNULL = YES;
				CLANG_ANALYZER_NUMBER_OBJECT_CONVERSION = YES_AGGRESSIVE;
				CLANG_CXX_LANGUAGE_STANDARD = "gnu++20";
				CLANG_ENABLE_MODULES = YES;
				CLANG_ENABLE_OBJC_ARC = YES;
				CLANG_ENABLE_OBJC_WEAK = YES;
				CLANG_WARN_BLOCK_CAPTURE_AUTORELEASING = YES;
				CLANG_WARN_BOOL_CONVERSION = YES;
				CLANG_WARN_COMMA = YES;
				CLANG_WARN_CONSTANT_CONVERSION = YES;
				CLANG_WARN_DEPRECATED_OBJC_IMPLEMENTATIONS = YES;
				CLANG_WARN_DIRECT_OBJC_ISA_USAGE = YES_ERROR;
				CLANG_WARN_DOCUMENTATION_COMMENTS = YES;
				CLANG_WARN_EMPTY_BODY = YES;
				CLANG_WARN_ENUM_CONVERSION = YES;
				CLANG_WARN_INFINITE_RECURSION = YES;
				CLANG_WARN_INT_CONVERSION = YES;
				CLANG_WARN_NON_LITERAL_NULL_CONVERSION = YES;
				CLANG_WARN_OBJC_IMPLICIT_RETAIN_SELF = YES;
				CLANG_WARN_OBJC_LITERAL_CONVERSION = YES;
				CLANG_WARN_OBJC_ROOT_CLASS = YES_ERROR;
				CLANG_WARN_QUOTED_INCLUDE_IN_FRAMEWORK_HEADER = YES;
				CLANG_WARN_RANGE_LOOP_ANALYSIS = YES;
				CLANG_WARN_STRICT_PROTOTYPES = YES;
				CLANG_WARN_SUSPICIOUS_MOVE = YES;
				CLANG_WARN_UNGUARDED_AVAILABILITY = YES_AGGRESSIVE;
				CLANG_WARN_UNREACHABLE_CODE = YES;
				CLANG_WARN__DUPLICATE_METHOD_MATCH = YES;
				COPY_PHASE_STRIP = NO;
				DEBUG_INFORMATION_FORMAT = "dwarf-with-dsym";
				ENABLE_NS_ASSERTIONS = NO;
				ENABLE_STRICT_OBJC_MSGSEND = YES;
				ENABLE_USER_SCRIPT_SANDBOXING = YES;
				GCC_C_LANGUAGE_STANDARD = gnu17;
				GCC_NO_COMMON_BLOCKS = YES;
				GCC_WARN_64_TO_32_BIT_CONVERSION = YES;
				GCC_WARN_ABOUT_RETURN_TYPE = YES_ERROR;
				GCC_WARN_UNDECLARED_SELECTOR = YES;
				GCC_WARN_UNINITIALIZED_AUTOS = YES_AGGRESSIVE;
				GCC_WARN_UNUSED_FUNCTION = YES;
				GCC_WARN_UNUSED_VARIABLE = YES;
				IPHONEOS_DEPLOYMENT_TARGET = 18.2;
				LOCALIZATION_PREFERS_STRING_CATALOGS = YES;
				MTL_ENABLE_DEBUG_INFO = NO;
				MTL_FAST_MATH = YES;
				SDKROOT = iphoneos;
				SWIFT_COMPILATION_MODE = wholemodule;
				VALIDATE_PRODUCT = YES;
			};
			name = Release;
		};
		1BBFDF262DD8F2AB00382BA4 /* Debug */ = {
			isa = XCBuildConfiguration;
			buildSettings = {
				ASSETCATALOG_COMPILER_APPICON_NAME = AppIcon;
				ASSETCATALOG_COMPILER_GLOBAL_ACCENT_COLOR_NAME = AccentColor;
				CODE_SIGN_STYLE = Automatic;
				CURRENT_PROJECT_VERSION = 1;
				DEVELOPMENT_ASSET_PATHS = "\"SwiftUIExperiments/Preview Content\"";
				ENABLE_PREVIEWS = YES;
				GENERATE_INFOPLIST_FILE = YES;
				INFOPLIST_KEY_UIApplicationSceneManifest_Generation = YES;
				INFOPLIST_KEY_UIApplicationSupportsIndirectInputEvents = YES;
				INFOPLIST_KEY_UILaunchScreen_Generation = YES;
				INFOPLIST_KEY_UISupportedInterfaceOrientations_iPad = "UIInterfaceOrientationPortrait UIInterfaceOrientationPortraitUpsideDown UIInterfaceOrientationLandscapeLeft UIInterfaceOrientationLandscapeRight";
				INFOPLIST_KEY_UISupportedInterfaceOrientations_iPhone = "UIInterfaceOrientationPortrait UIInterfaceOrientationLandscapeLeft UIInterfaceOrientationLandscapeRight";
				LD_RUNPATH_SEARCH_PATHS = (
					"$(inherited)",
					"@executable_path/Frameworks",
				);
				MARKETING_VERSION = 1.0;
				PRODUCT_BUNDLE_IDENTIFIER = com.azhar.com.SwiftUIExperiments;
				PRODUCT_NAME = "$(TARGET_NAME)";
				SWIFT_EMIT_LOC_STRINGS = YES;
				SWIFT_VERSION = 5.0;
				TARGETED_DEVICE_FAMILY = "1,2";
			};
			name = Debug;
		};
		1BBFDF272DD8F2AB00382BA4 /* Release */ = {
			isa = XCBuildConfiguration;
			buildSettings = {
				ASSETCATALOG_COMPILER_APPICON_NAME = AppIcon;
				ASSETCATALOG_COMPILER_GLOBAL_ACCENT_COLOR_NAME = AccentColor;
				CODE_SIGN_STYLE = Automatic;
				CURRENT_PROJECT_VERSION = 1;
				DEVELOPMENT_ASSET_PATHS = "\"SwiftUIExperiments/Preview Content\"";
				ENABLE_PREVIEWS = YES;
				GENERATE_INFOPLIST_FILE = YES;
				INFOPLIST_KEY_UIApplicationSceneManifest_Generation = YES;
				INFOPLIST_KEY_UIApplicationSupportsIndirectInputEvents = YES;
				INFOPLIST_KEY_UILaunchScreen_Generation = YES;
				INFOPLIST_KEY_UISupportedInterfaceOrientations_iPad = "UIInterfaceOrientationPortrait UIInterfaceOrientationPortraitUpsideDown UIInterfaceOrientationLandscapeLeft UIInterfaceOrientationLandscapeRight";
				INFOPLIST_KEY_UISupportedInterfaceOrientations_iPhone = "UIInterfaceOrientationPortrait UIInterfaceOrientationLandscapeLeft UIInterfaceOrientationLandscapeRight";
				LD_RUNPATH_SEARCH_PATHS = (
					"$(inherited)",
					"@executable_path/Frameworks",
				);
				MARKETING_VERSION = 1.0;
				PRODUCT_BUNDLE_IDENTIFIER = com.azhar.com.SwiftUIExperiments;
				PRODUCT_NAME = "$(TARGET_NAME)";
				SWIFT_EMIT_LOC_STRINGS = YES;
				SWIFT_VERSION = 5.0;
				TARGETED_DEVICE_FAMILY = "1,2";
			};
			name = Release;
		};
		1BBFDF292DD8F2AB00382BA4 /* Debug */ = {
			isa = XCBuildConfiguration;
			buildSettings = {
				BUNDLE_LOADER = "$(TEST_HOST)";
				CODE_SIGN_STYLE = Automatic;
				CURRENT_PROJECT_VERSION = 1;
				GENERATE_INFOPLIST_FILE = YES;
				IPHONEOS_DEPLOYMENT_TARGET = 18.2;
				MARKETING_VERSION = 1.0;
				PRODUCT_BUNDLE_IDENTIFIER = com.azhar.com.SwiftUIExperimentsTests;
				PRODUCT_NAME = "$(TARGET_NAME)";
				SWIFT_EMIT_LOC_STRINGS = NO;
				SWIFT_VERSION = 5.0;
				TARGETED_DEVICE_FAMILY = "1,2";
				TEST_HOST = "$(BUILT_PRODUCTS_DIR)/SwiftUIExperiments.app/$(BUNDLE_EXECUTABLE_FOLDER_PATH)/SwiftUIExperiments";
			};
			name = Debug;
		};
		1BBFDF2A2DD8F2AB00382BA4 /* Release */ = {
			isa = XCBuildConfiguration;
			buildSettings = {
				BUNDLE_LOADER = "$(TEST_HOST)";
				CODE_SIGN_STYLE = Automatic;
				CURRENT_PROJECT_VERSION = 1;
				GENERATE_INFOPLIST_FILE = YES;
				IPHONEOS_DEPLOYMENT_TARGET = 18.2;
				MARKETING_VERSION = 1.0;
				PRODUCT_BUNDLE_IDENTIFIER = com.azhar.com.SwiftUIExperimentsTests;
				PRODUCT_NAME = "$(TARGET_NAME)";
				SWIFT_EMIT_LOC_STRINGS = NO;
				SWIFT_VERSION = 5.0;
				TARGETED_DEVICE_FAMILY = "1,2";
				TEST_HOST = "$(BUILT_PRODUCTS_DIR)/SwiftUIExperiments.app/$(BUNDLE_EXECUTABLE_FOLDER_PATH)/SwiftUIExperiments";
			};
			name = Release;
		};
		1BBFDF2C2DD8F2AB00382BA4 /* Debug */ = {
			isa = XCBuildConfiguration;
			buildSettings = {
				CODE_SIGN_STYLE = Automatic;
				CURRENT_PROJECT_VERSION = 1;
				GENERATE_INFOPLIST_FILE = YES;
				MARKETING_VERSION = 1.0;
				PRODUCT_BUNDLE_IDENTIFIER = com.azhar.com.SwiftUIExperimentsUITests;
				PRODUCT_NAME = "$(TARGET_NAME)";
				SWIFT_EMIT_LOC_STRINGS = NO;
				SWIFT_VERSION = 5.0;
				TARGETED_DEVICE_FAMILY = "1,2";
				TEST_TARGET_NAME = SwiftUIExperiments;
			};
			name = Debug;
		};
		1BBFDF2D2DD8F2AB00382BA4 /* Release */ = {
			isa = XCBuildConfiguration;
			buildSettings = {
				CODE_SIGN_STYLE = Automatic;
				CURRENT_PROJECT_VERSION = 1;
				GENERATE_INFOPLIST_FILE = YES;
				MARKETING_VERSION = 1.0;
				PRODUCT_BUNDLE_IDENTIFIER = com.azhar.com.SwiftUIExperimentsUITests;
				PRODUCT_NAME = "$(TARGET_NAME)";
				SWIFT_EMIT_LOC_STRINGS = NO;
				SWIFT_VERSION = 5.0;
				TARGETED_DEVICE_FAMILY = "1,2";
				TEST_TARGET_NAME = SwiftUIExperiments;
			};
			name = Release;
		};
/* End XCBuildConfiguration section */

/* Begin XCConfigurationList section */
		1BBFDEFC2DD8F2A900382BA4 /* Build configuration list for PBXProject "SwiftUIExperiments" */ = {
			isa = XCConfigurationList;
			buildConfigurations = (
				1BBFDF232DD8F2AB00382BA4 /* Debug */,
				1BBFDF242DD8F2AB00382BA4 /* Release */,
			);
			defaultConfigurationIsVisible = 0;
			defaultConfigurationName = Release;
		};
		1BBFDF252DD8F2AB00382BA4 /* Build configuration list for PBXNativeTarget "SwiftUIExperiments" */ = {
			isa = XCConfigurationList;
			buildConfigurations = (
				1BBFDF262DD8F2AB00382BA4 /* Debug */,
				1BBFDF272DD8F2AB00382BA4 /* Release */,
			);
			defaultConfigurationIsVisible = 0;
			defaultConfigurationName = Release;
		};
		1BBFDF282DD8F2AB00382BA4 /* Build configuration list for PBXNativeTarget "SwiftUIExperimentsTests" */ = {
			isa = XCConfigurationList;
			buildConfigurations = (
				1BBFDF292DD8F2AB00382BA4 /* Debug */,
				1BBFDF2A2DD8F2AB00382BA4 /* Release */,
			);
			defaultConfigurationIsVisible = 0;
			defaultConfigurationName = Release;
		};
		1BBFDF2B2DD8F2AB00382BA4 /* Build configuration list for PBXNativeTarget "SwiftUIExperimentsUITests" */ = {
			isa = XCConfigurationList;
			buildConfigurations = (
				1BBFDF2C2DD8F2AB00382BA4 /* Debug */,
				1BBFDF2D2DD8F2AB00382BA4 /* Release */,
			);
			defaultConfigurationIsVisible = 0;
			defaultConfigurationName = Release;
		};
/* End XCConfigurationList section */
	};
	rootObject = 1BBFDEF92DD8F2A900382BA4 /* Project object */;
}
